
Microsoft Visual Studio Solution File, Format Version 12.00
# Visual Studio Version 16
VisualStudioVersion = 16.0.30413.136
MinimumVisualStudioVersion = 10.0.40219.1
Project("{FAE04EC0-301F-11D3-BF4B-00C04F79EFBC}") = "UART Senior Design Test", "UART Senior Design Test.csproj", "{0D51DF88-6B35-466F-87AB-D15B365AB516}"
EndProject
Global
	GlobalSection(SolutionConfigurationPlatforms) = preSolution
		Debug|Any CPU = Debug|Any CPU
		Release|Any CPU = Release|Any CPU
	EndGlobalSection
	GlobalSection(ProjectConfigurationPlatforms) = postSolution
		{0D51DF88-6B35-466F-87AB-D15B365AB516}.Debug|Any CPU.ActiveCfg = Debug|Any CPU
		{0D51DF88-6B35-466F-87AB-D15B365AB516}.Debug|Any CPU.Build.0 = Debug|Any CPU
		{0D51DF88-6B35-466F-87AB-D15B365AB516}.Release|Any CPU.ActiveCfg = Release|Any CPU
		{0D51DF88-6B35-466F-87AB-D15B365AB516}.Release|Any CPU.Build.0 = Release|Any CPU
	EndGlobalSection
	GlobalSection(SolutionProperties) = preSolution
		HideSolutionNode = FALSE
	EndGlobalSection
	GlobalSection(ExtensibilityGlobals) = postSolution
		SolutionGuid = {454806F1-955B-454D-AC1C-849F430AC4BE}
	EndGlobalSection
EndGlobal
